
Microsoft Visual Studio Solution File, Format Version 12.00
# Visual Studio Version 17
VisualStudioVersion = 17.1.32414.318
MinimumVisualStudioVersion = 10.0.40219.1
Project("{9A19103F-16F7-4668-BE54-9A1E7A4F7556}") = "DesafioFundamentos", "DesafioFundamentos.csproj", "{C477B8E8-3062-4524-A499-88E1C1127FD2}"
EndProject
Global
	GlobalSection(SolutionConfigurationPlatforms) = preSolution
		Debug|Any CPU = Debug|Any CPU
		Release|Any CPU = Release|Any CPU
	EndGlobalSection
	GlobalSection(ProjectConfigurationPlatforms) = postSolution
		{C477B8E8-3062-4524-A499-88E1C1127FD2}.Debug|Any CPU.ActiveCfg = Debug|Any CPU
		{C477B8E8-3062-4524-A499-88E1C1127FD2}.Debug|Any CPU.Build.0 = Debug|Any CPU
		{C477B8E8-3062-4524-A499-88E1C1127FD2}.Release|Any CPU.ActiveCfg = Release|Any CPU
		{C477B8E8-3062-4524-A499-88E1C1127FD2}.Release|Any CPU.Build.0 = Release|Any CPU
	EndGlobalSection
	GlobalSection(SolutionProperties) = preSolution
		HideSolutionNode = FALSE
	EndGlobalSection
	GlobalSection(ExtensibilityGlobals) = postSolution
		SolutionGuid = {780FC154-1005-4DC7-86ED-1C5FA7C78F7B}
	EndGlobalSection
EndGlobal
